
Microsoft Visual Studio Solution File, Format Version 12.00
# Visual Studio 15
VisualStudioVersion = 15.0.28307.960
MinimumVisualStudioVersion = 10.0.40219.1
Project("{8BC9CEB8-8B4A-11D0-8D11-00A0C91BC942}") = "testAlgorithm", "testAlgorithm\testAlgorithm.vcxproj", "{4BFB2485-85A2-41D6-803C-029CB64FD18E}"
EndProject
Project("{8BC9CEB8-8B4A-11D0-8D11-00A0C91BC942}") = "plusone", "plusone\plusone.vcxproj", "{50BD3C89-C9E7-4BAE-AF78-D8E4FA1923C5}"
EndProject
Project("{8BC9CEB8-8B4A-11D0-8D11-00A0C91BC942}") = "findRepeatedNum", "removeRepeatedNum\removeRepeatedNum.vcxproj", "{97C6B5ED-BA28-43F4-B976-857FBCAFBEEB}"
EndProject
Project("{8BC9CEB8-8B4A-11D0-8D11-00A0C91BC942}") = "reverseKGroup", "reverseKGroup\reverseKGroup.vcxproj", "{C97935C3-EC6D-4EE4-BB9A-B9F00DA424EA}"
EndProject
Project("{8BC9CEB8-8B4A-11D0-8D11-00A0C91BC942}") = "multiply", "multiply\multiply.vcxproj", "{DA272809-5BB5-40F7-A299-F5B380BC0669}"
EndProject
Project("{8BC9CEB8-8B4A-11D0-8D11-00A0C91BC942}") = "halfFind", "halfFind\halfFind.vcxproj", "{FD2D8AD4-1CC2-4514-AC57-23CE1CDF2BEB}"
EndProject
Project("{8BC9CEB8-8B4A-11D0-8D11-00A0C91BC942}") = "arrayFind", "arrayFind\arrayFind.vcxproj", "{EF3C9249-AA72-452C-B40B-25E816C14A40}"
EndProject
Project("{8BC9CEB8-8B4A-11D0-8D11-00A0C91BC942}") = "stringTest", "stringTest\stringTest.vcxproj", "{3A966264-A1AC-482E-A6E9-26683EEB030A}"
EndProject
Project("{8BC9CEB8-8B4A-11D0-8D11-00A0C91BC942}") = "replaceBlank", "replaceBlank\replaceBlank.vcxproj", "{E04B5C03-31E9-4F82-BB3C-1BB449340C08}"
EndProject
Project("{8BC9CEB8-8B4A-11D0-8D11-00A0C91BC942}") = "ListNode", "ListNode\ListNode.vcxproj", "{AA79CF91-0771-4239-9EA9-B4DE74F377AF}"
EndProject
Project("{8BC9CEB8-8B4A-11D0-8D11-00A0C91BC942}") = "PrintList", "PrintList\PrintList.vcxproj", "{7A206D51-1D78-473A-B06D-BFC4BE28D73B}"
EndProject
Project("{8BC9CEB8-8B4A-11D0-8D11-00A0C91BC942}") = "buildBinaryTree", "buildBinaryTree\buildBinaryTree.vcxproj", "{17E86F4D-5E56-4415-9643-DC7A7AF78695}"
EndProject
Project("{8BC9CEB8-8B4A-11D0-8D11-00A0C91BC942}") = "CQueue", "CQueue\CQueue.vcxproj", "{789D4AF4-E0D0-4E0D-B986-D9AE96CA54C1}"
EndProject
Project("{8BC9CEB8-8B4A-11D0-8D11-00A0C91BC942}") = "minNumberInRotatedArray", "minNumberInRotatedArray\minNumberInRotatedArray.vcxproj", "{A19C010B-045E-427A-8BFD-2DB23F68FC1B}"
EndProject
Project("{8BC9CEB8-8B4A-11D0-8D11-00A0C91BC942}") = "numberOf1InBinary", "numberOf1InBinary\numberOf1InBinary.vcxproj", "{286AAD82-5FC1-4755-BEFB-C57859410085}"
EndProject
Project("{8BC9CEB8-8B4A-11D0-8D11-00A0C91BC942}") = "NumPower", "NumPower\NumPower.vcxproj", "{BAEC9012-7417-409F-8F44-6E58907B718B}"
EndProject
Project("{8BC9CEB8-8B4A-11D0-8D11-00A0C91BC942}") = "print1ToMaxOfNDigits", "print1ToMaxOfNDigits\print1ToMaxOfNDigits.vcxproj", "{678C8310-3ABC-4D2A-9617-3CFD9A9E9012}"
EndProject
Project("{8BC9CEB8-8B4A-11D0-8D11-00A0C91BC942}") = "deleteNodeList", "deleteNodeList\deleteNodeList.vcxproj", "{F93D4D00-2783-4248-AC6A-CD94611691A3}"
EndProject
Project("{8BC9CEB8-8B4A-11D0-8D11-00A0C91BC942}") = "reorderArray", "reorderArray\reorderArray.vcxproj", "{3104ABB8-D92F-4FD4-BA7B-BAC943399FBD}"
EndProject
Project("{8BC9CEB8-8B4A-11D0-8D11-00A0C91BC942}") = "findKthToTail", "findKthToTail\findKthToTail.vcxproj", "{B0411A02-77F8-4EDD-BDBB-07722792EDD6}"
EndProject
Project("{8BC9CEB8-8B4A-11D0-8D11-00A0C91BC942}") = "reverseList", "reverseList\reverseList.vcxproj", "{7E5E38F4-ECB4-4D1F-A6C3-A5D9D21335B1}"
EndProject
Project("{8BC9CEB8-8B4A-11D0-8D11-00A0C91BC942}") = "mergeTwoList", "mergeTwoList\mergeTwoList.vcxproj", "{173FC66A-F8C0-4E8D-936E-897374A9BE17}"
EndProject
Project("{8BC9CEB8-8B4A-11D0-8D11-00A0C91BC942}") = "minInStack", "minInStack\minInStack.vcxproj", "{5C883DC8-17E2-4A9C-8EF7-256AD74F99B2}"
EndProject
Project("{8BC9CEB8-8B4A-11D0-8D11-00A0C91BC942}") = "printFromTopToBottom", "printFromTopToBottom\printFromTopToBottom.vcxproj", "{DFF2C33F-B009-4A5E-A831-4A49FDFBFD79}"
EndProject
Project("{8BC9CEB8-8B4A-11D0-8D11-00A0C91BC942}") = "backtrack", "backtrack\backtrack.vcxproj", "{79C1AD3F-525B-47F2-8A10-E51471AB4A18}"
EndProject
Project("{8BC9CEB8-8B4A-11D0-8D11-00A0C91BC942}") = "verifySquenceOfBst", "verifySquenceOfBst\verifySquenceOfBst.vcxproj", "{44EEC7F9-961E-4771-A750-5962DFAE9EF5}"
EndProject
Project("{8BC9CEB8-8B4A-11D0-8D11-00A0C91BC942}") = "pathinTree", "pathinTree\pathinTree.vcxproj", "{03997E00-2E2D-47B3-9D97-482331AD82E9}"
EndProject
Project("{8BC9CEB8-8B4A-11D0-8D11-00A0C91BC942}") = "convertBinarySearchTree", "convertBinarySearchTree\convertBinarySearchTree.vcxproj", "{D84A5BF3-384B-4973-88A9-4FA10B124227}"
EndProject
Project("{8BC9CEB8-8B4A-11D0-8D11-00A0C91BC942}") = "stringPermutation", "stringPermutation\stringPermutation.vcxproj", "{C7A0AF08-5131-42E1-8152-36689C4FE0F5}"
EndProject
Project("{8BC9CEB8-8B4A-11D0-8D11-00A0C91BC942}") = "findContinuousSequence", "findContinuousSequence\findContinuousSequence.vcxproj", "{BAA976B4-C6A0-4E99-B728-717740E06B36}"
EndProject
Project("{8BC9CEB8-8B4A-11D0-8D11-00A0C91BC942}") = "CMyString", "CMyString\CMyString.vcxproj", "{FA6F5F9B-BF06-43B4-8BB2-8940BBAE343F}"
EndProject
Project("{8BC9CEB8-8B4A-11D0-8D11-00A0C91BC942}") = "findContinuousSequenceNum", "findContinuousSequenceNum\findContinuousSequenceNum.vcxproj", "{B40F3C3C-FE7B-42C4-93B2-62CBDE2BE4F5}"
EndProject
Project("{8BC9CEB8-8B4A-11D0-8D11-00A0C91BC942}") = "maxNumInArray", "maxNumInArray\maxNumInArray.vcxproj", "{745ABB90-0D18-41D6-AA6F-F3D854AB5097}"
EndProject
Project("{8BC9CEB8-8B4A-11D0-8D11-00A0C91BC942}") = "mergeTwoArray", "mergeTwoArray\mergeTwoArray.vcxproj", "{02C83964-DDB8-4D8E-832E-0BF9F160F20B}"
EndProject
Project("{8BC9CEB8-8B4A-11D0-8D11-00A0C91BC942}") = "isHuiWenNum", "isHuiWenNum\isHuiWenNum.vcxproj", "{A9509792-99E4-470C-8F47-41725D087FCB}"
EndProject
Project("{8BC9CEB8-8B4A-11D0-8D11-00A0C91BC942}") = "traversalTree", "traversalTree\traversalTree.vcxproj", "{40E3D23D-EEF2-463A-972E-5F971791EF58}"
EndProject
Project("{8BC9CEB8-8B4A-11D0-8D11-00A0C91BC942}") = "copyRandomList", "copyRandomList\copyRandomList.vcxproj", "{AF8AF00F-D0E7-42B0-A1C5-C4DE92A69B1F}"
EndProject
Project("{8BC9CEB8-8B4A-11D0-8D11-00A0C91BC942}") = "slideWindow", "slideWindow\slideWindow.vcxproj", "{515E3AC2-1F61-402D-91D2-76F68D0E7686}"
EndProject
Project("{8BC9CEB8-8B4A-11D0-8D11-00A0C91BC942}") = "nextPermutation", "nextPermutation\nextPermutation.vcxproj", "{B4F5D8C8-06E2-4A22-87E4-CB01395FA6C8}"
EndProject
Project("{8BC9CEB8-8B4A-11D0-8D11-00A0C91BC942}") = "searchRoateSort", "searchRoateSort\searchRoateSort.vcxproj", "{5A28EA09-9CFC-490D-8381-6A40FA148628}"
EndProject
Project("{8BC9CEB8-8B4A-11D0-8D11-00A0C91BC942}") = "findFirstLastIndexInArray", "findFirstLastIndexInArray\findFirstLastIndexInArray.vcxproj", "{E33D7921-0D39-420A-83FF-950B83F7CF66}"
EndProject
Project("{8BC9CEB8-8B4A-11D0-8D11-00A0C91BC942}") = "spiralArray", "spiralArray\spiralArray.vcxproj", "{E4F7DF30-3BA9-4AAA-A3CE-86B64F65C5BF}"
EndProject
Project("{8BC9CEB8-8B4A-11D0-8D11-00A0C91BC942}") = "mergeArray", "mergeArray\mergeArray.vcxproj", "{4294AD43-81E0-42B3-A7B8-274D8806C6F6}"
EndProject
Project("{8BC9CEB8-8B4A-11D0-8D11-00A0C91BC942}") = "productExceptSelf", "productExceptSelf\productExceptSelf.vcxproj", "{D4303A9F-A62A-4391-93B1-02A84BE9F813}"
EndProject
Project("{8BC9CEB8-8B4A-11D0-8D11-00A0C91BC942}") = "lastStoneWeightII", "lastStoneWeight\lastStoneWeight.vcxproj", "{9FE5D2EC-0D1E-4347-80C3-25F537BB87D1}"
EndProject
Project("{8BC9CEB8-8B4A-11D0-8D11-00A0C91BC942}") = "addStrings", "addStrings\addStrings.vcxproj", "{B76EE97D-5A72-4335-A3FB-E19A54A151D1}"
EndProject
Project("{8BC9CEB8-8B4A-11D0-8D11-00A0C91BC942}") = "validPalindromeII", "validPalindrome\validPalindrome.vcxproj", "{31098A14-7585-4558-95B3-24C6927D82C2}"
EndProject
Project("{8BC9CEB8-8B4A-11D0-8D11-00A0C91BC942}") = "mostCommonWord", "mostCommonWord\mostCommonWord.vcxproj", "{B2EF518F-8EF5-45A8-B08C-18B3348A4972}"
EndProject
Project("{8BC9CEB8-8B4A-11D0-8D11-00A0C91BC942}") = "recordLogFiles", "recordLogFiles\recordLogFiles.vcxproj", "{09FA886C-B143-44DD-B253-0C17ACBF13A8}"
EndProject
Project("{8BC9CEB8-8B4A-11D0-8D11-00A0C91BC942}") = "addTwoNumbers", "addTwoNumbers\addTwoNumbers.vcxproj", "{C7EFB09F-8F88-4ADF-8E87-01638F6344E6}"
EndProject
Project("{8BC9CEB8-8B4A-11D0-8D11-00A0C91BC942}") = "lengthOfLongestSubString", "lengthOfLongestSubString\lengthOfLongestSubString.vcxproj", "{FECD37F4-D142-4815-96B3-E4B3C348D216}"
EndProject
Project("{8BC9CEB8-8B4A-11D0-8D11-00A0C91BC942}") = "removeNthFromEnd", "removeNthFromEnd\removeNthFromEnd.vcxproj", "{2666D880-6F33-4D20-80AA-FD6EFA103A06}"
EndProject
Project("{8BC9CEB8-8B4A-11D0-8D11-00A0C91BC942}") = "FromArrayFindMatchWord", "FromArrayFindMatchWord\FromArrayFindMatchWord.vcxproj", "{0A4F95CB-924E-4573-BCDF-9A5C0142EEC0}"
EndProject
Project("{8BC9CEB8-8B4A-11D0-8D11-00A0C91BC942}") = "strIsNum", "strIsNum\strIsNum.vcxproj", "{08BE4D8D-BA4A-4E28-9E01-28F6075DE70F}"
EndProject
Project("{8BC9CEB8-8B4A-11D0-8D11-00A0C91BC942}") = "oddEvenNumExchange", "oddEvenNumExchange\oddEvenNumExchange.vcxproj", "{E8411C34-7BB9-4256-B982-11A198DBEB64}"
EndProject
Global
	GlobalSection(SolutionConfigurationPlatforms) = preSolution
		Debug|x64 = Debug|x64
		Debug|x86 = Debug|x86
		Release|x64 = Release|x64
		Release|x86 = Release|x86
	EndGlobalSection
	GlobalSection(ProjectConfigurationPlatforms) = postSolution
		{4BFB2485-85A2-41D6-803C-029CB64FD18E}.Debug|x64.ActiveCfg = Debug|x64
		{4BFB2485-85A2-41D6-803C-029CB64FD18E}.Debug|x64.Build.0 = Debug|x64
		{4BFB2485-85A2-41D6-803C-029CB64FD18E}.Debug|x86.ActiveCfg = Debug|Win32
		{4BFB2485-85A2-41D6-803C-029CB64FD18E}.Debug|x86.Build.0 = Debug|Win32
		{4BFB2485-85A2-41D6-803C-029CB64FD18E}.Release|x64.ActiveCfg = Release|x64
		{4BFB2485-85A2-41D6-803C-029CB64FD18E}.Release|x64.Build.0 = Release|x64
		{4BFB2485-85A2-41D6-803C-029CB64FD18E}.Release|x86.ActiveCfg = Release|Win32
		{4BFB2485-85A2-41D6-803C-029CB64FD18E}.Release|x86.Build.0 = Release|Win32
		{50BD3C89-C9E7-4BAE-AF78-D8E4FA1923C5}.Debug|x64.ActiveCfg = Debug|x64
		{50BD3C89-C9E7-4BAE-AF78-D8E4FA1923C5}.Debug|x64.Build.0 = Debug|x64
		{50BD3C89-C9E7-4BAE-AF78-D8E4FA1923C5}.Debug|x86.ActiveCfg = Debug|Win32
		{50BD3C89-C9E7-4BAE-AF78-D8E4FA1923C5}.Debug|x86.Build.0 = Debug|Win32
		{50BD3C89-C9E7-4BAE-AF78-D8E4FA1923C5}.Release|x64.ActiveCfg = Release|x64
		{50BD3C89-C9E7-4BAE-AF78-D8E4FA1923C5}.Release|x64.Build.0 = Release|x64
		{50BD3C89-C9E7-4BAE-AF78-D8E4FA1923C5}.Release|x86.ActiveCfg = Release|Win32
		{50BD3C89-C9E7-4BAE-AF78-D8E4FA1923C5}.Release|x86.Build.0 = Release|Win32
		{97C6B5ED-BA28-43F4-B976-857FBCAFBEEB}.Debug|x64.ActiveCfg = Debug|x64
		{97C6B5ED-BA28-43F4-B976-857FBCAFBEEB}.Debug|x64.Build.0 = Debug|x64
		{97C6B5ED-BA28-43F4-B976-857FBCAFBEEB}.Debug|x86.ActiveCfg = Debug|Win32
		{97C6B5ED-BA28-43F4-B976-857FBCAFBEEB}.Debug|x86.Build.0 = Debug|Win32
		{97C6B5ED-BA28-43F4-B976-857FBCAFBEEB}.Release|x64.ActiveCfg = Release|x64
		{97C6B5ED-BA28-43F4-B976-857FBCAFBEEB}.Release|x64.Build.0 = Release|x64
		{97C6B5ED-BA28-43F4-B976-857FBCAFBEEB}.Release|x86.ActiveCfg = Release|Win32
		{97C6B5ED-BA28-43F4-B976-857FBCAFBEEB}.Release|x86.Build.0 = Release|Win32
		{C97935C3-EC6D-4EE4-BB9A-B9F00DA424EA}.Debug|x64.ActiveCfg = Debug|x64
		{C97935C3-EC6D-4EE4-BB9A-B9F00DA424EA}.Debug|x64.Build.0 = Debug|x64
		{C97935C3-EC6D-4EE4-BB9A-B9F00DA424EA}.Debug|x86.ActiveCfg = Debug|Win32
		{C97935C3-EC6D-4EE4-BB9A-B9F00DA424EA}.Debug|x86.Build.0 = Debug|Win32
		{C97935C3-EC6D-4EE4-BB9A-B9F00DA424EA}.Release|x64.ActiveCfg = Release|x64
		{C97935C3-EC6D-4EE4-BB9A-B9F00DA424EA}.Release|x64.Build.0 = Release|x64
		{C97935C3-EC6D-4EE4-BB9A-B9F00DA424EA}.Release|x86.ActiveCfg = Release|Win32
		{C97935C3-EC6D-4EE4-BB9A-B9F00DA424EA}.Release|x86.Build.0 = Release|Win32
		{DA272809-5BB5-40F7-A299-F5B380BC0669}.Debug|x64.ActiveCfg = Debug|x64
		{DA272809-5BB5-40F7-A299-F5B380BC0669}.Debug|x64.Build.0 = Debug|x64
		{DA272809-5BB5-40F7-A299-F5B380BC0669}.Debug|x86.ActiveCfg = Debug|Win32
		{DA272809-5BB5-40F7-A299-F5B380BC0669}.Debug|x86.Build.0 = Debug|Win32
		{DA272809-5BB5-40F7-A299-F5B380BC0669}.Release|x64.ActiveCfg = Release|x64
		{DA272809-5BB5-40F7-A299-F5B380BC0669}.Release|x64.Build.0 = Release|x64
		{DA272809-5BB5-40F7-A299-F5B380BC0669}.Release|x86.ActiveCfg = Release|Win32
		{DA272809-5BB5-40F7-A299-F5B380BC0669}.Release|x86.Build.0 = Release|Win32
		{FD2D8AD4-1CC2-4514-AC57-23CE1CDF2BEB}.Debug|x64.ActiveCfg = Debug|x64
		{FD2D8AD4-1CC2-4514-AC57-23CE1CDF2BEB}.Debug|x64.Build.0 = Debug|x64
		{FD2D8AD4-1CC2-4514-AC57-23CE1CDF2BEB}.Debug|x86.ActiveCfg = Debug|Win32
		{FD2D8AD4-1CC2-4514-AC57-23CE1CDF2BEB}.Debug|x86.Build.0 = Debug|Win32
		{FD2D8AD4-1CC2-4514-AC57-23CE1CDF2BEB}.Release|x64.ActiveCfg = Release|x64
		{FD2D8AD4-1CC2-4514-AC57-23CE1CDF2BEB}.Release|x64.Build.0 = Release|x64
		{FD2D8AD4-1CC2-4514-AC57-23CE1CDF2BEB}.Release|x86.ActiveCfg = Release|Win32
		{FD2D8AD4-1CC2-4514-AC57-23CE1CDF2BEB}.Release|x86.Build.0 = Release|Win32
		{EF3C9249-AA72-452C-B40B-25E816C14A40}.Debug|x64.ActiveCfg = Debug|x64
		{EF3C9249-AA72-452C-B40B-25E816C14A40}.Debug|x64.Build.0 = Debug|x64
		{EF3C9249-AA72-452C-B40B-25E816C14A40}.Debug|x86.ActiveCfg = Debug|Win32
		{EF3C9249-AA72-452C-B40B-25E816C14A40}.Debug|x86.Build.0 = Debug|Win32
		{EF3C9249-AA72-452C-B40B-25E816C14A40}.Release|x64.ActiveCfg = Release|x64
		{EF3C9249-AA72-452C-B40B-25E816C14A40}.Release|x64.Build.0 = Release|x64
		{EF3C9249-AA72-452C-B40B-25E816C14A40}.Release|x86.ActiveCfg = Release|Win32
		{EF3C9249-AA72-452C-B40B-25E816C14A40}.Release|x86.Build.0 = Release|Win32
		{3A966264-A1AC-482E-A6E9-26683EEB030A}.Debug|x64.ActiveCfg = Debug|x64
		{3A966264-A1AC-482E-A6E9-26683EEB030A}.Debug|x64.Build.0 = Debug|x64
		{3A966264-A1AC-482E-A6E9-26683EEB030A}.Debug|x86.ActiveCfg = Debug|Win32
		{3A966264-A1AC-482E-A6E9-26683EEB030A}.Debug|x86.Build.0 = Debug|Win32
		{3A966264-A1AC-482E-A6E9-26683EEB030A}.Release|x64.ActiveCfg = Release|x64
		{3A966264-A1AC-482E-A6E9-26683EEB030A}.Release|x64.Build.0 = Release|x64
		{3A966264-A1AC-482E-A6E9-26683EEB030A}.Release|x86.ActiveCfg = Release|Win32
		{3A966264-A1AC-482E-A6E9-26683EEB030A}.Release|x86.Build.0 = Release|Win32
		{E04B5C03-31E9-4F82-BB3C-1BB449340C08}.Debug|x64.ActiveCfg = Debug|x64
		{E04B5C03-31E9-4F82-BB3C-1BB449340C08}.Debug|x64.Build.0 = Debug|x64
		{E04B5C03-31E9-4F82-BB3C-1BB449340C08}.Debug|x86.ActiveCfg = Debug|Win32
		{E04B5C03-31E9-4F82-BB3C-1BB449340C08}.Debug|x86.Build.0 = Debug|Win32
		{E04B5C03-31E9-4F82-BB3C-1BB449340C08}.Release|x64.ActiveCfg = Release|x64
		{E04B5C03-31E9-4F82-BB3C-1BB449340C08}.Release|x64.Build.0 = Release|x64
		{E04B5C03-31E9-4F82-BB3C-1BB449340C08}.Release|x86.ActiveCfg = Release|Win32
		{E04B5C03-31E9-4F82-BB3C-1BB449340C08}.Release|x86.Build.0 = Release|Win32
		{AA79CF91-0771-4239-9EA9-B4DE74F377AF}.Debug|x64.ActiveCfg = Debug|x64
		{AA79CF91-0771-4239-9EA9-B4DE74F377AF}.Debug|x64.Build.0 = Debug|x64
		{AA79CF91-0771-4239-9EA9-B4DE74F377AF}.Debug|x86.ActiveCfg = Debug|Win32
		{AA79CF91-0771-4239-9EA9-B4DE74F377AF}.Debug|x86.Build.0 = Debug|Win32
		{AA79CF91-0771-4239-9EA9-B4DE74F377AF}.Release|x64.ActiveCfg = Release|x64
		{AA79CF91-0771-4239-9EA9-B4DE74F377AF}.Release|x64.Build.0 = Release|x64
		{AA79CF91-0771-4239-9EA9-B4DE74F377AF}.Release|x86.ActiveCfg = Release|Win32
		{AA79CF91-0771-4239-9EA9-B4DE74F377AF}.Release|x86.Build.0 = Release|Win32
		{7A206D51-1D78-473A-B06D-BFC4BE28D73B}.Debug|x64.ActiveCfg = Debug|x64
		{7A206D51-1D78-473A-B06D-BFC4BE28D73B}.Debug|x64.Build.0 = Debug|x64
		{7A206D51-1D78-473A-B06D-BFC4BE28D73B}.Debug|x86.ActiveCfg = Debug|Win32
		{7A206D51-1D78-473A-B06D-BFC4BE28D73B}.Debug|x86.Build.0 = Debug|Win32
		{7A206D51-1D78-473A-B06D-BFC4BE28D73B}.Release|x64.ActiveCfg = Release|x64
		{7A206D51-1D78-473A-B06D-BFC4BE28D73B}.Release|x64.Build.0 = Release|x64
		{7A206D51-1D78-473A-B06D-BFC4BE28D73B}.Release|x86.ActiveCfg = Release|Win32
		{7A206D51-1D78-473A-B06D-BFC4BE28D73B}.Release|x86.Build.0 = Release|Win32
		{17E86F4D-5E56-4415-9643-DC7A7AF78695}.Debug|x64.ActiveCfg = Debug|x64
		{17E86F4D-5E56-4415-9643-DC7A7AF78695}.Debug|x64.Build.0 = Debug|x64
		{17E86F4D-5E56-4415-9643-DC7A7AF78695}.Debug|x86.ActiveCfg = Debug|Win32
		{17E86F4D-5E56-4415-9643-DC7A7AF78695}.Debug|x86.Build.0 = Debug|Win32
		{17E86F4D-5E56-4415-9643-DC7A7AF78695}.Release|x64.ActiveCfg = Release|x64
		{17E86F4D-5E56-4415-9643-DC7A7AF78695}.Release|x64.Build.0 = Release|x64
		{17E86F4D-5E56-4415-9643-DC7A7AF78695}.Release|x86.ActiveCfg = Release|Win32
		{17E86F4D-5E56-4415-9643-DC7A7AF78695}.Release|x86.Build.0 = Release|Win32
		{789D4AF4-E0D0-4E0D-B986-D9AE96CA54C1}.Debug|x64.ActiveCfg = Debug|x64
		{789D4AF4-E0D0-4E0D-B986-D9AE96CA54C1}.Debug|x64.Build.0 = Debug|x64
		{789D4AF4-E0D0-4E0D-B986-D9AE96CA54C1}.Debug|x86.ActiveCfg = Debug|Win32
		{789D4AF4-E0D0-4E0D-B986-D9AE96CA54C1}.Debug|x86.Build.0 = Debug|Win32
		{789D4AF4-E0D0-4E0D-B986-D9AE96CA54C1}.Release|x64.ActiveCfg = Release|x64
		{789D4AF4-E0D0-4E0D-B986-D9AE96CA54C1}.Release|x64.Build.0 = Release|x64
		{789D4AF4-E0D0-4E0D-B986-D9AE96CA54C1}.Release|x86.ActiveCfg = Release|Win32
		{789D4AF4-E0D0-4E0D-B986-D9AE96CA54C1}.Release|x86.Build.0 = Release|Win32
		{A19C010B-045E-427A-8BFD-2DB23F68FC1B}.Debug|x64.ActiveCfg = Debug|x64
		{A19C010B-045E-427A-8BFD-2DB23F68FC1B}.Debug|x64.Build.0 = Debug|x64
		{A19C010B-045E-427A-8BFD-2DB23F68FC1B}.Debug|x86.ActiveCfg = Debug|Win32
		{A19C010B-045E-427A-8BFD-2DB23F68FC1B}.Debug|x86.Build.0 = Debug|Win32
		{A19C010B-045E-427A-8BFD-2DB23F68FC1B}.Release|x64.ActiveCfg = Release|x64
		{A19C010B-045E-427A-8BFD-2DB23F68FC1B}.Release|x64.Build.0 = Release|x64
		{A19C010B-045E-427A-8BFD-2DB23F68FC1B}.Release|x86.ActiveCfg = Release|Win32
		{A19C010B-045E-427A-8BFD-2DB23F68FC1B}.Release|x86.Build.0 = Release|Win32
		{286AAD82-5FC1-4755-BEFB-C57859410085}.Debug|x64.ActiveCfg = Debug|x64
		{286AAD82-5FC1-4755-BEFB-C57859410085}.Debug|x64.Build.0 = Debug|x64
		{286AAD82-5FC1-4755-BEFB-C57859410085}.Debug|x86.ActiveCfg = Debug|Win32
		{286AAD82-5FC1-4755-BEFB-C57859410085}.Debug|x86.Build.0 = Debug|Win32
		{286AAD82-5FC1-4755-BEFB-C57859410085}.Release|x64.ActiveCfg = Release|x64
		{286AAD82-5FC1-4755-BEFB-C57859410085}.Release|x64.Build.0 = Release|x64
		{286AAD82-5FC1-4755-BEFB-C57859410085}.Release|x86.ActiveCfg = Release|Win32
		{286AAD82-5FC1-4755-BEFB-C57859410085}.Release|x86.Build.0 = Release|Win32
		{BAEC9012-7417-409F-8F44-6E58907B718B}.Debug|x64.ActiveCfg = Debug|x64
		{BAEC9012-7417-409F-8F44-6E58907B718B}.Debug|x64.Build.0 = Debug|x64
		{BAEC9012-7417-409F-8F44-6E58907B718B}.Debug|x86.ActiveCfg = Debug|Win32
		{BAEC9012-7417-409F-8F44-6E58907B718B}.Debug|x86.Build.0 = Debug|Win32
		{BAEC9012-7417-409F-8F44-6E58907B718B}.Release|x64.ActiveCfg = Release|x64
		{BAEC9012-7417-409F-8F44-6E58907B718B}.Release|x64.Build.0 = Release|x64
		{BAEC9012-7417-409F-8F44-6E58907B718B}.Release|x86.ActiveCfg = Release|Win32
		{BAEC9012-7417-409F-8F44-6E58907B718B}.Release|x86.Build.0 = Release|Win32
		{678C8310-3ABC-4D2A-9617-3CFD9A9E9012}.Debug|x64.ActiveCfg = Debug|x64
		{678C8310-3ABC-4D2A-9617-3CFD9A9E9012}.Debug|x64.Build.0 = Debug|x64
		{678C8310-3ABC-4D2A-9617-3CFD9A9E9012}.Debug|x86.ActiveCfg = Debug|Win32
		{678C8310-3ABC-4D2A-9617-3CFD9A9E9012}.Debug|x86.Build.0 = Debug|Win32
		{678C8310-3ABC-4D2A-9617-3CFD9A9E9012}.Release|x64.ActiveCfg = Release|x64
		{678C8310-3ABC-4D2A-9617-3CFD9A9E9012}.Release|x64.Build.0 = Release|x64
		{678C8310-3ABC-4D2A-9617-3CFD9A9E9012}.Release|x86.ActiveCfg = Release|Win32
		{678C8310-3ABC-4D2A-9617-3CFD9A9E9012}.Release|x86.Build.0 = Release|Win32
		{F93D4D00-2783-4248-AC6A-CD94611691A3}.Debug|x64.ActiveCfg = Debug|x64
		{F93D4D00-2783-4248-AC6A-CD94611691A3}.Debug|x64.Build.0 = Debug|x64
		{F93D4D00-2783-4248-AC6A-CD94611691A3}.Debug|x86.ActiveCfg = Debug|Win32
		{F93D4D00-2783-4248-AC6A-CD94611691A3}.Debug|x86.Build.0 = Debug|Win32
		{F93D4D00-2783-4248-AC6A-CD94611691A3}.Release|x64.ActiveCfg = Release|x64
		{F93D4D00-2783-4248-AC6A-CD94611691A3}.Release|x64.Build.0 = Release|x64
		{F93D4D00-2783-4248-AC6A-CD94611691A3}.Release|x86.ActiveCfg = Release|Win32
		{F93D4D00-2783-4248-AC6A-CD94611691A3}.Release|x86.Build.0 = Release|Win32
		{3104ABB8-D92F-4FD4-BA7B-BAC943399FBD}.Debug|x64.ActiveCfg = Debug|x64
		{3104ABB8-D92F-4FD4-BA7B-BAC943399FBD}.Debug|x64.Build.0 = Debug|x64
		{3104ABB8-D92F-4FD4-BA7B-BAC943399FBD}.Debug|x86.ActiveCfg = Debug|Win32
		{3104ABB8-D92F-4FD4-BA7B-BAC943399FBD}.Debug|x86.Build.0 = Debug|Win32
		{3104ABB8-D92F-4FD4-BA7B-BAC943399FBD}.Release|x64.ActiveCfg = Release|x64
		{3104ABB8-D92F-4FD4-BA7B-BAC943399FBD}.Release|x64.Build.0 = Release|x64
		{3104ABB8-D92F-4FD4-BA7B-BAC943399FBD}.Release|x86.ActiveCfg = Release|Win32
		{3104ABB8-D92F-4FD4-BA7B-BAC943399FBD}.Release|x86.Build.0 = Release|Win32
		{B0411A02-77F8-4EDD-BDBB-07722792EDD6}.Debug|x64.ActiveCfg = Debug|x64
		{B0411A02-77F8-4EDD-BDBB-07722792EDD6}.Debug|x64.Build.0 = Debug|x64
		{B0411A02-77F8-4EDD-BDBB-07722792EDD6}.Debug|x86.ActiveCfg = Debug|Win32
		{B0411A02-77F8-4EDD-BDBB-07722792EDD6}.Debug|x86.Build.0 = Debug|Win32
		{B0411A02-77F8-4EDD-BDBB-07722792EDD6}.Release|x64.ActiveCfg = Release|x64
		{B0411A02-77F8-4EDD-BDBB-07722792EDD6}.Release|x64.Build.0 = Release|x64
		{B0411A02-77F8-4EDD-BDBB-07722792EDD6}.Release|x86.ActiveCfg = Release|Win32
		{B0411A02-77F8-4EDD-BDBB-07722792EDD6}.Release|x86.Build.0 = Release|Win32
		{7E5E38F4-ECB4-4D1F-A6C3-A5D9D21335B1}.Debug|x64.ActiveCfg = Debug|x64
		{7E5E38F4-ECB4-4D1F-A6C3-A5D9D21335B1}.Debug|x64.Build.0 = Debug|x64
		{7E5E38F4-ECB4-4D1F-A6C3-A5D9D21335B1}.Debug|x86.ActiveCfg = Debug|Win32
		{7E5E38F4-ECB4-4D1F-A6C3-A5D9D21335B1}.Debug|x86.Build.0 = Debug|Win32
		{7E5E38F4-ECB4-4D1F-A6C3-A5D9D21335B1}.Release|x64.ActiveCfg = Release|x64
		{7E5E38F4-ECB4-4D1F-A6C3-A5D9D21335B1}.Release|x64.Build.0 = Release|x64
		{7E5E38F4-ECB4-4D1F-A6C3-A5D9D21335B1}.Release|x86.ActiveCfg = Release|Win32
		{7E5E38F4-ECB4-4D1F-A6C3-A5D9D21335B1}.Release|x86.Build.0 = Release|Win32
		{173FC66A-F8C0-4E8D-936E-897374A9BE17}.Debug|x64.ActiveCfg = Debug|x64
		{173FC66A-F8C0-4E8D-936E-897374A9BE17}.Debug|x64.Build.0 = Debug|x64
		{173FC66A-F8C0-4E8D-936E-897374A9BE17}.Debug|x86.ActiveCfg = Debug|Win32
		{173FC66A-F8C0-4E8D-936E-897374A9BE17}.Debug|x86.Build.0 = Debug|Win32
		{173FC66A-F8C0-4E8D-936E-897374A9BE17}.Release|x64.ActiveCfg = Release|x64
		{173FC66A-F8C0-4E8D-936E-897374A9BE17}.Release|x64.Build.0 = Release|x64
		{173FC66A-F8C0-4E8D-936E-897374A9BE17}.Release|x86.ActiveCfg = Release|Win32
		{173FC66A-F8C0-4E8D-936E-897374A9BE17}.Release|x86.Build.0 = Release|Win32
		{5C883DC8-17E2-4A9C-8EF7-256AD74F99B2}.Debug|x64.ActiveCfg = Debug|x64
		{5C883DC8-17E2-4A9C-8EF7-256AD74F99B2}.Debug|x64.Build.0 = Debug|x64
		{5C883DC8-17E2-4A9C-8EF7-256AD74F99B2}.Debug|x86.ActiveCfg = Debug|Win32
		{5C883DC8-17E2-4A9C-8EF7-256AD74F99B2}.Debug|x86.Build.0 = Debug|Win32
		{5C883DC8-17E2-4A9C-8EF7-256AD74F99B2}.Release|x64.ActiveCfg = Release|x64
		{5C883DC8-17E2-4A9C-8EF7-256AD74F99B2}.Release|x64.Build.0 = Release|x64
		{5C883DC8-17E2-4A9C-8EF7-256AD74F99B2}.Release|x86.ActiveCfg = Release|Win32
		{5C883DC8-17E2-4A9C-8EF7-256AD74F99B2}.Release|x86.Build.0 = Release|Win32
		{DFF2C33F-B009-4A5E-A831-4A49FDFBFD79}.Debug|x64.ActiveCfg = Debug|x64
		{DFF2C33F-B009-4A5E-A831-4A49FDFBFD79}.Debug|x64.Build.0 = Debug|x64
		{DFF2C33F-B009-4A5E-A831-4A49FDFBFD79}.Debug|x86.ActiveCfg = Debug|Win32
		{DFF2C33F-B009-4A5E-A831-4A49FDFBFD79}.Debug|x86.Build.0 = Debug|Win32
		{DFF2C33F-B009-4A5E-A831-4A49FDFBFD79}.Release|x64.ActiveCfg = Release|x64
		{DFF2C33F-B009-4A5E-A831-4A49FDFBFD79}.Release|x64.Build.0 = Release|x64
		{DFF2C33F-B009-4A5E-A831-4A49FDFBFD79}.Release|x86.ActiveCfg = Release|Win32
		{DFF2C33F-B009-4A5E-A831-4A49FDFBFD79}.Release|x86.Build.0 = Release|Win32
		{79C1AD3F-525B-47F2-8A10-E51471AB4A18}.Debug|x64.ActiveCfg = Debug|x64
		{79C1AD3F-525B-47F2-8A10-E51471AB4A18}.Debug|x64.Build.0 = Debug|x64
		{79C1AD3F-525B-47F2-8A10-E51471AB4A18}.Debug|x86.ActiveCfg = Debug|Win32
		{79C1AD3F-525B-47F2-8A10-E51471AB4A18}.Debug|x86.Build.0 = Debug|Win32
		{79C1AD3F-525B-47F2-8A10-E51471AB4A18}.Release|x64.ActiveCfg = Release|x64
		{79C1AD3F-525B-47F2-8A10-E51471AB4A18}.Release|x64.Build.0 = Release|x64
		{79C1AD3F-525B-47F2-8A10-E51471AB4A18}.Release|x86.ActiveCfg = Release|Win32
		{79C1AD3F-525B-47F2-8A10-E51471AB4A18}.Release|x86.Build.0 = Release|Win32
		{44EEC7F9-961E-4771-A750-5962DFAE9EF5}.Debug|x64.ActiveCfg = Debug|x64
		{44EEC7F9-961E-4771-A750-5962DFAE9EF5}.Debug|x64.Build.0 = Debug|x64
		{44EEC7F9-961E-4771-A750-5962DFAE9EF5}.Debug|x86.ActiveCfg = Debug|Win32
		{44EEC7F9-961E-4771-A750-5962DFAE9EF5}.Debug|x86.Build.0 = Debug|Win32
		{44EEC7F9-961E-4771-A750-5962DFAE9EF5}.Release|x64.ActiveCfg = Release|x64
		{44EEC7F9-961E-4771-A750-5962DFAE9EF5}.Release|x64.Build.0 = Release|x64
		{44EEC7F9-961E-4771-A750-5962DFAE9EF5}.Release|x86.ActiveCfg = Release|Win32
		{44EEC7F9-961E-4771-A750-5962DFAE9EF5}.Release|x86.Build.0 = Release|Win32
		{03997E00-2E2D-47B3-9D97-482331AD82E9}.Debug|x64.ActiveCfg = Debug|x64
		{03997E00-2E2D-47B3-9D97-482331AD82E9}.Debug|x64.Build.0 = Debug|x64
		{03997E00-2E2D-47B3-9D97-482331AD82E9}.Debug|x86.ActiveCfg = Debug|Win32
		{03997E00-2E2D-47B3-9D97-482331AD82E9}.Debug|x86.Build.0 = Debug|Win32
		{03997E00-2E2D-47B3-9D97-482331AD82E9}.Release|x64.ActiveCfg = Release|x64
		{03997E00-2E2D-47B3-9D97-482331AD82E9}.Release|x64.Build.0 = Release|x64
		{03997E00-2E2D-47B3-9D97-482331AD82E9}.Release|x86.ActiveCfg = Release|Win32
		{03997E00-2E2D-47B3-9D97-482331AD82E9}.Release|x86.Build.0 = Release|Win32
		{D84A5BF3-384B-4973-88A9-4FA10B124227}.Debug|x64.ActiveCfg = Debug|x64
		{D84A5BF3-384B-4973-88A9-4FA10B124227}.Debug|x64.Build.0 = Debug|x64
		{D84A5BF3-384B-4973-88A9-4FA10B124227}.Debug|x86.ActiveCfg = Debug|Win32
		{D84A5BF3-384B-4973-88A9-4FA10B124227}.Debug|x86.Build.0 = Debug|Win32
		{D84A5BF3-384B-4973-88A9-4FA10B124227}.Release|x64.ActiveCfg = Release|x64
		{D84A5BF3-384B-4973-88A9-4FA10B124227}.Release|x64.Build.0 = Release|x64
		{D84A5BF3-384B-4973-88A9-4FA10B124227}.Release|x86.ActiveCfg = Release|Win32
		{D84A5BF3-384B-4973-88A9-4FA10B124227}.Release|x86.Build.0 = Release|Win32
		{C7A0AF08-5131-42E1-8152-36689C4FE0F5}.Debug|x64.ActiveCfg = Debug|x64
		{C7A0AF08-5131-42E1-8152-36689C4FE0F5}.Debug|x64.Build.0 = Debug|x64
		{C7A0AF08-5131-42E1-8152-36689C4FE0F5}.Debug|x86.ActiveCfg = Debug|Win32
		{C7A0AF08-5131-42E1-8152-36689C4FE0F5}.Debug|x86.Build.0 = Debug|Win32
		{C7A0AF08-5131-42E1-8152-36689C4FE0F5}.Release|x64.ActiveCfg = Release|x64
		{C7A0AF08-5131-42E1-8152-36689C4FE0F5}.Release|x64.Build.0 = Release|x64
		{C7A0AF08-5131-42E1-8152-36689C4FE0F5}.Release|x86.ActiveCfg = Release|Win32
		{C7A0AF08-5131-42E1-8152-36689C4FE0F5}.Release|x86.Build.0 = Release|Win32
		{BAA976B4-C6A0-4E99-B728-717740E06B36}.Debug|x64.ActiveCfg = Debug|x64
		{BAA976B4-C6A0-4E99-B728-717740E06B36}.Debug|x64.Build.0 = Debug|x64
		{BAA976B4-C6A0-4E99-B728-717740E06B36}.Debug|x86.ActiveCfg = Debug|Win32
		{BAA976B4-C6A0-4E99-B728-717740E06B36}.Debug|x86.Build.0 = Debug|Win32
		{BAA976B4-C6A0-4E99-B728-717740E06B36}.Release|x64.ActiveCfg = Release|x64
		{BAA976B4-C6A0-4E99-B728-717740E06B36}.Release|x64.Build.0 = Release|x64
		{BAA976B4-C6A0-4E99-B728-717740E06B36}.Release|x86.ActiveCfg = Release|Win32
		{BAA976B4-C6A0-4E99-B728-717740E06B36}.Release|x86.Build.0 = Release|Win32
		{FA6F5F9B-BF06-43B4-8BB2-8940BBAE343F}.Debug|x64.ActiveCfg = Debug|x64
		{FA6F5F9B-BF06-43B4-8BB2-8940BBAE343F}.Debug|x64.Build.0 = Debug|x64
		{FA6F5F9B-BF06-43B4-8BB2-8940BBAE343F}.Debug|x86.ActiveCfg = Debug|Win32
		{FA6F5F9B-BF06-43B4-8BB2-8940BBAE343F}.Debug|x86.Build.0 = Debug|Win32
		{FA6F5F9B-BF06-43B4-8BB2-8940BBAE343F}.Release|x64.ActiveCfg = Release|x64
		{FA6F5F9B-BF06-43B4-8BB2-8940BBAE343F}.Release|x64.Build.0 = Release|x64
		{FA6F5F9B-BF06-43B4-8BB2-8940BBAE343F}.Release|x86.ActiveCfg = Release|Win32
		{FA6F5F9B-BF06-43B4-8BB2-8940BBAE343F}.Release|x86.Build.0 = Release|Win32
		{B40F3C3C-FE7B-42C4-93B2-62CBDE2BE4F5}.Debug|x64.ActiveCfg = Debug|x64
		{B40F3C3C-FE7B-42C4-93B2-62CBDE2BE4F5}.Debug|x64.Build.0 = Debug|x64
		{B40F3C3C-FE7B-42C4-93B2-62CBDE2BE4F5}.Debug|x86.ActiveCfg = Debug|Win32
		{B40F3C3C-FE7B-42C4-93B2-62CBDE2BE4F5}.Debug|x86.Build.0 = Debug|Win32
		{B40F3C3C-FE7B-42C4-93B2-62CBDE2BE4F5}.Release|x64.ActiveCfg = Release|x64
		{B40F3C3C-FE7B-42C4-93B2-62CBDE2BE4F5}.Release|x64.Build.0 = Release|x64
		{B40F3C3C-FE7B-42C4-93B2-62CBDE2BE4F5}.Release|x86.ActiveCfg = Release|Win32
		{B40F3C3C-FE7B-42C4-93B2-62CBDE2BE4F5}.Release|x86.Build.0 = Release|Win32
		{745ABB90-0D18-41D6-AA6F-F3D854AB5097}.Debug|x64.ActiveCfg = Debug|x64
		{745ABB90-0D18-41D6-AA6F-F3D854AB5097}.Debug|x64.Build.0 = Debug|x64
		{745ABB90-0D18-41D6-AA6F-F3D854AB5097}.Debug|x86.ActiveCfg = Debug|Win32
		{745ABB90-0D18-41D6-AA6F-F3D854AB5097}.Debug|x86.Build.0 = Debug|Win32
		{745ABB90-0D18-41D6-AA6F-F3D854AB5097}.Release|x64.ActiveCfg = Release|x64
		{745ABB90-0D18-41D6-AA6F-F3D854AB5097}.Release|x64.Build.0 = Release|x64
		{745ABB90-0D18-41D6-AA6F-F3D854AB5097}.Release|x86.ActiveCfg = Release|Win32
		{745ABB90-0D18-41D6-AA6F-F3D854AB5097}.Release|x86.Build.0 = Release|Win32
		{02C83964-DDB8-4D8E-832E-0BF9F160F20B}.Debug|x64.ActiveCfg = Debug|x64
		{02C83964-DDB8-4D8E-832E-0BF9F160F20B}.Debug|x64.Build.0 = Debug|x64
		{02C83964-DDB8-4D8E-832E-0BF9F160F20B}.Debug|x86.ActiveCfg = Debug|Win32
		{02C83964-DDB8-4D8E-832E-0BF9F160F20B}.Debug|x86.Build.0 = Debug|Win32
		{02C83964-DDB8-4D8E-832E-0BF9F160F20B}.Release|x64.ActiveCfg = Release|x64
		{02C83964-DDB8-4D8E-832E-0BF9F160F20B}.Release|x64.Build.0 = Release|x64
		{02C83964-DDB8-4D8E-832E-0BF9F160F20B}.Release|x86.ActiveCfg = Release|Win32
		{02C83964-DDB8-4D8E-832E-0BF9F160F20B}.Release|x86.Build.0 = Release|Win32
		{A9509792-99E4-470C-8F47-41725D087FCB}.Debug|x64.ActiveCfg = Debug|x64
		{A9509792-99E4-470C-8F47-41725D087FCB}.Debug|x64.Build.0 = Debug|x64
		{A9509792-99E4-470C-8F47-41725D087FCB}.Debug|x86.ActiveCfg = Debug|Win32
		{A9509792-99E4-470C-8F47-41725D087FCB}.Debug|x86.Build.0 = Debug|Win32
		{A9509792-99E4-470C-8F47-41725D087FCB}.Release|x64.ActiveCfg = Release|x64
		{A9509792-99E4-470C-8F47-41725D087FCB}.Release|x64.Build.0 = Release|x64
		{A9509792-99E4-470C-8F47-41725D087FCB}.Release|x86.ActiveCfg = Release|Win32
		{A9509792-99E4-470C-8F47-41725D087FCB}.Release|x86.Build.0 = Release|Win32
		{40E3D23D-EEF2-463A-972E-5F971791EF58}.Debug|x64.ActiveCfg = Debug|x64
		{40E3D23D-EEF2-463A-972E-5F971791EF58}.Debug|x64.Build.0 = Debug|x64
		{40E3D23D-EEF2-463A-972E-5F971791EF58}.Debug|x86.ActiveCfg = Debug|Win32
		{40E3D23D-EEF2-463A-972E-5F971791EF58}.Debug|x86.Build.0 = Debug|Win32
		{40E3D23D-EEF2-463A-972E-5F971791EF58}.Release|x64.ActiveCfg = Release|x64
		{40E3D23D-EEF2-463A-972E-5F971791EF58}.Release|x64.Build.0 = Release|x64
		{40E3D23D-EEF2-463A-972E-5F971791EF58}.Release|x86.ActiveCfg = Release|Win32
		{40E3D23D-EEF2-463A-972E-5F971791EF58}.Release|x86.Build.0 = Release|Win32
		{AF8AF00F-D0E7-42B0-A1C5-C4DE92A69B1F}.Debug|x64.ActiveCfg = Debug|x64
		{AF8AF00F-D0E7-42B0-A1C5-C4DE92A69B1F}.Debug|x64.Build.0 = Debug|x64
		{AF8AF00F-D0E7-42B0-A1C5-C4DE92A69B1F}.Debug|x86.ActiveCfg = Debug|Win32
		{AF8AF00F-D0E7-42B0-A1C5-C4DE92A69B1F}.Debug|x86.Build.0 = Debug|Win32
		{AF8AF00F-D0E7-42B0-A1C5-C4DE92A69B1F}.Release|x64.ActiveCfg = Release|x64
		{AF8AF00F-D0E7-42B0-A1C5-C4DE92A69B1F}.Release|x64.Build.0 = Release|x64
		{AF8AF00F-D0E7-42B0-A1C5-C4DE92A69B1F}.Release|x86.ActiveCfg = Release|Win32
		{AF8AF00F-D0E7-42B0-A1C5-C4DE92A69B1F}.Release|x86.Build.0 = Release|Win32
		{515E3AC2-1F61-402D-91D2-76F68D0E7686}.Debug|x64.ActiveCfg = Debug|x64
		{515E3AC2-1F61-402D-91D2-76F68D0E7686}.Debug|x64.Build.0 = Debug|x64
		{515E3AC2-1F61-402D-91D2-76F68D0E7686}.Debug|x86.ActiveCfg = Debug|Win32
		{515E3AC2-1F61-402D-91D2-76F68D0E7686}.Debug|x86.Build.0 = Debug|Win32
		{515E3AC2-1F61-402D-91D2-76F68D0E7686}.Release|x64.ActiveCfg = Release|x64
		{515E3AC2-1F61-402D-91D2-76F68D0E7686}.Release|x64.Build.0 = Release|x64
		{515E3AC2-1F61-402D-91D2-76F68D0E7686}.Release|x86.ActiveCfg = Release|Win32
		{515E3AC2-1F61-402D-91D2-76F68D0E7686}.Release|x86.Build.0 = Release|Win32
		{B4F5D8C8-06E2-4A22-87E4-CB01395FA6C8}.Debug|x64.ActiveCfg = Debug|x64
		{B4F5D8C8-06E2-4A22-87E4-CB01395FA6C8}.Debug|x64.Build.0 = Debug|x64
		{B4F5D8C8-06E2-4A22-87E4-CB01395FA6C8}.Debug|x86.ActiveCfg = Debug|Win32
		{B4F5D8C8-06E2-4A22-87E4-CB01395FA6C8}.Debug|x86.Build.0 = Debug|Win32
		{B4F5D8C8-06E2-4A22-87E4-CB01395FA6C8}.Release|x64.ActiveCfg = Release|x64
		{B4F5D8C8-06E2-4A22-87E4-CB01395FA6C8}.Release|x64.Build.0 = Release|x64
		{B4F5D8C8-06E2-4A22-87E4-CB01395FA6C8}.Release|x86.ActiveCfg = Release|Win32
		{B4F5D8C8-06E2-4A22-87E4-CB01395FA6C8}.Release|x86.Build.0 = Release|Win32
		{5A28EA09-9CFC-490D-8381-6A40FA148628}.Debug|x64.ActiveCfg = Debug|x64
		{5A28EA09-9CFC-490D-8381-6A40FA148628}.Debug|x64.Build.0 = Debug|x64
		{5A28EA09-9CFC-490D-8381-6A40FA148628}.Debug|x86.ActiveCfg = Debug|Win32
		{5A28EA09-9CFC-490D-8381-6A40FA148628}.Debug|x86.Build.0 = Debug|Win32
		{5A28EA09-9CFC-490D-8381-6A40FA148628}.Release|x64.ActiveCfg = Release|x64
		{5A28EA09-9CFC-490D-8381-6A40FA148628}.Release|x64.Build.0 = Release|x64
		{5A28EA09-9CFC-490D-8381-6A40FA148628}.Release|x86.ActiveCfg = Release|Win32
		{5A28EA09-9CFC-490D-8381-6A40FA148628}.Release|x86.Build.0 = Release|Win32
		{E33D7921-0D39-420A-83FF-950B83F7CF66}.Debug|x64.ActiveCfg = Debug|x64
		{E33D7921-0D39-420A-83FF-950B83F7CF66}.Debug|x64.Build.0 = Debug|x64
		{E33D7921-0D39-420A-83FF-950B83F7CF66}.Debug|x86.ActiveCfg = Debug|Win32
		{E33D7921-0D39-420A-83FF-950B83F7CF66}.Debug|x86.Build.0 = Debug|Win32
		{E33D7921-0D39-420A-83FF-950B83F7CF66}.Release|x64.ActiveCfg = Release|x64
		{E33D7921-0D39-420A-83FF-950B83F7CF66}.Release|x64.Build.0 = Release|x64
		{E33D7921-0D39-420A-83FF-950B83F7CF66}.Release|x86.ActiveCfg = Release|Win32
		{E33D7921-0D39-420A-83FF-950B83F7CF66}.Release|x86.Build.0 = Release|Win32
		{E4F7DF30-3BA9-4AAA-A3CE-86B64F65C5BF}.Debug|x64.ActiveCfg = Debug|x64
		{E4F7DF30-3BA9-4AAA-A3CE-86B64F65C5BF}.Debug|x64.Build.0 = Debug|x64
		{E4F7DF30-3BA9-4AAA-A3CE-86B64F65C5BF}.Debug|x86.ActiveCfg = Debug|Win32
		{E4F7DF30-3BA9-4AAA-A3CE-86B64F65C5BF}.Debug|x86.Build.0 = Debug|Win32
		{E4F7DF30-3BA9-4AAA-A3CE-86B64F65C5BF}.Release|x64.ActiveCfg = Release|x64
		{E4F7DF30-3BA9-4AAA-A3CE-86B64F65C5BF}.Release|x64.Build.0 = Release|x64
		{E4F7DF30-3BA9-4AAA-A3CE-86B64F65C5BF}.Release|x86.ActiveCfg = Release|Win32
		{E4F7DF30-3BA9-4AAA-A3CE-86B64F65C5BF}.Release|x86.Build.0 = Release|Win32
		{4294AD43-81E0-42B3-A7B8-274D8806C6F6}.Debug|x64.ActiveCfg = Debug|x64
		{4294AD43-81E0-42B3-A7B8-274D8806C6F6}.Debug|x64.Build.0 = Debug|x64
		{4294AD43-81E0-42B3-A7B8-274D8806C6F6}.Debug|x86.ActiveCfg = Debug|Win32
		{4294AD43-81E0-42B3-A7B8-274D8806C6F6}.Debug|x86.Build.0 = Debug|Win32
		{4294AD43-81E0-42B3-A7B8-274D8806C6F6}.Release|x64.ActiveCfg = Release|x64
		{4294AD43-81E0-42B3-A7B8-274D8806C6F6}.Release|x64.Build.0 = Release|x64
		{4294AD43-81E0-42B3-A7B8-274D8806C6F6}.Release|x86.ActiveCfg = Release|Win32
		{4294AD43-81E0-42B3-A7B8-274D8806C6F6}.Release|x86.Build.0 = Release|Win32
		{D4303A9F-A62A-4391-93B1-02A84BE9F813}.Debug|x64.ActiveCfg = Debug|x64
		{D4303A9F-A62A-4391-93B1-02A84BE9F813}.Debug|x64.Build.0 = Debug|x64
		{D4303A9F-A62A-4391-93B1-02A84BE9F813}.Debug|x86.ActiveCfg = Debug|Win32
		{D4303A9F-A62A-4391-93B1-02A84BE9F813}.Debug|x86.Build.0 = Debug|Win32
		{D4303A9F-A62A-4391-93B1-02A84BE9F813}.Release|x64.ActiveCfg = Release|x64
		{D4303A9F-A62A-4391-93B1-02A84BE9F813}.Release|x64.Build.0 = Release|x64
		{D4303A9F-A62A-4391-93B1-02A84BE9F813}.Release|x86.ActiveCfg = Release|Win32
		{D4303A9F-A62A-4391-93B1-02A84BE9F813}.Release|x86.Build.0 = Release|Win32
		{9FE5D2EC-0D1E-4347-80C3-25F537BB87D1}.Debug|x64.ActiveCfg = Debug|x64
		{9FE5D2EC-0D1E-4347-80C3-25F537BB87D1}.Debug|x64.Build.0 = Debug|x64
		{9FE5D2EC-0D1E-4347-80C3-25F537BB87D1}.Debug|x86.ActiveCfg = Debug|Win32
		{9FE5D2EC-0D1E-4347-80C3-25F537BB87D1}.Debug|x86.Build.0 = Debug|Win32
		{9FE5D2EC-0D1E-4347-80C3-25F537BB87D1}.Release|x64.ActiveCfg = Release|x64
		{9FE5D2EC-0D1E-4347-80C3-25F537BB87D1}.Release|x64.Build.0 = Release|x64
		{9FE5D2EC-0D1E-4347-80C3-25F537BB87D1}.Release|x86.ActiveCfg = Release|Win32
		{9FE5D2EC-0D1E-4347-80C3-25F537BB87D1}.Release|x86.Build.0 = Release|Win32
		{B76EE97D-5A72-4335-A3FB-E19A54A151D1}.Debug|x64.ActiveCfg = Debug|x64
		{B76EE97D-5A72-4335-A3FB-E19A54A151D1}.Debug|x64.Build.0 = Debug|x64
		{B76EE97D-5A72-4335-A3FB-E19A54A151D1}.Debug|x86.ActiveCfg = Debug|Win32
		{B76EE97D-5A72-4335-A3FB-E19A54A151D1}.Debug|x86.Build.0 = Debug|Win32
		{B76EE97D-5A72-4335-A3FB-E19A54A151D1}.Release|x64.ActiveCfg = Release|x64
		{B76EE97D-5A72-4335-A3FB-E19A54A151D1}.Release|x64.Build.0 = Release|x64
		{B76EE97D-5A72-4335-A3FB-E19A54A151D1}.Release|x86.ActiveCfg = Release|Win32
		{B76EE97D-5A72-4335-A3FB-E19A54A151D1}.Release|x86.Build.0 = Release|Win32
		{31098A14-7585-4558-95B3-24C6927D82C2}.Debug|x64.ActiveCfg = Debug|x64
		{31098A14-7585-4558-95B3-24C6927D82C2}.Debug|x64.Build.0 = Debug|x64
		{31098A14-7585-4558-95B3-24C6927D82C2}.Debug|x86.ActiveCfg = Debug|Win32
		{31098A14-7585-4558-95B3-24C6927D82C2}.Debug|x86.Build.0 = Debug|Win32
		{31098A14-7585-4558-95B3-24C6927D82C2}.Release|x64.ActiveCfg = Release|x64
		{31098A14-7585-4558-95B3-24C6927D82C2}.Release|x64.Build.0 = Release|x64
		{31098A14-7585-4558-95B3-24C6927D82C2}.Release|x86.ActiveCfg = Release|Win32
		{31098A14-7585-4558-95B3-24C6927D82C2}.Release|x86.Build.0 = Release|Win32
		{B2EF518F-8EF5-45A8-B08C-18B3348A4972}.Debug|x64.ActiveCfg = Debug|x64
		{B2EF518F-8EF5-45A8-B08C-18B3348A4972}.Debug|x64.Build.0 = Debug|x64
		{B2EF518F-8EF5-45A8-B08C-18B3348A4972}.Debug|x86.ActiveCfg = Debug|Win32
		{B2EF518F-8EF5-45A8-B08C-18B3348A4972}.Debug|x86.Build.0 = Debug|Win32
		{B2EF518F-8EF5-45A8-B08C-18B3348A4972}.Release|x64.ActiveCfg = Release|x64
		{B2EF518F-8EF5-45A8-B08C-18B3348A4972}.Release|x64.Build.0 = Release|x64
		{B2EF518F-8EF5-45A8-B08C-18B3348A4972}.Release|x86.ActiveCfg = Release|Win32
		{B2EF518F-8EF5-45A8-B08C-18B3348A4972}.Release|x86.Build.0 = Release|Win32
		{09FA886C-B143-44DD-B253-0C17ACBF13A8}.Debug|x64.ActiveCfg = Debug|x64
		{09FA886C-B143-44DD-B253-0C17ACBF13A8}.Debug|x64.Build.0 = Debug|x64
		{09FA886C-B143-44DD-B253-0C17ACBF13A8}.Debug|x86.ActiveCfg = Debug|Win32
		{09FA886C-B143-44DD-B253-0C17ACBF13A8}.Debug|x86.Build.0 = Debug|Win32
		{09FA886C-B143-44DD-B253-0C17ACBF13A8}.Release|x64.ActiveCfg = Release|x64
		{09FA886C-B143-44DD-B253-0C17ACBF13A8}.Release|x64.Build.0 = Release|x64
		{09FA886C-B143-44DD-B253-0C17ACBF13A8}.Release|x86.ActiveCfg = Release|Win32
		{09FA886C-B143-44DD-B253-0C17ACBF13A8}.Release|x86.Build.0 = Release|Win32
		{C7EFB09F-8F88-4ADF-8E87-01638F6344E6}.Debug|x64.ActiveCfg = Debug|x64
		{C7EFB09F-8F88-4ADF-8E87-01638F6344E6}.Debug|x64.Build.0 = Debug|x64
		{C7EFB09F-8F88-4ADF-8E87-01638F6344E6}.Debug|x86.ActiveCfg = Debug|Win32
		{C7EFB09F-8F88-4ADF-8E87-01638F6344E6}.Debug|x86.Build.0 = Debug|Win32
		{C7EFB09F-8F88-4ADF-8E87-01638F6344E6}.Release|x64.ActiveCfg = Release|x64
		{C7EFB09F-8F88-4ADF-8E87-01638F6344E6}.Release|x64.Build.0 = Release|x64
		{C7EFB09F-8F88-4ADF-8E87-01638F6344E6}.Release|x86.ActiveCfg = Release|Win32
		{C7EFB09F-8F88-4ADF-8E87-01638F6344E6}.Release|x86.Build.0 = Release|Win32
		{FECD37F4-D142-4815-96B3-E4B3C348D216}.Debug|x64.ActiveCfg = Debug|x64
		{FECD37F4-D142-4815-96B3-E4B3C348D216}.Debug|x64.Build.0 = Debug|x64
		{FECD37F4-D142-4815-96B3-E4B3C348D216}.Debug|x86.ActiveCfg = Debug|Win32
		{FECD37F4-D142-4815-96B3-E4B3C348D216}.Debug|x86.Build.0 = Debug|Win32
		{FECD37F4-D142-4815-96B3-E4B3C348D216}.Release|x64.ActiveCfg = Release|x64
		{FECD37F4-D142-4815-96B3-E4B3C348D216}.Release|x64.Build.0 = Release|x64
		{FECD37F4-D142-4815-96B3-E4B3C348D216}.Release|x86.ActiveCfg = Release|Win32
		{FECD37F4-D142-4815-96B3-E4B3C348D216}.Release|x86.Build.0 = Release|Win32
		{2666D880-6F33-4D20-80AA-FD6EFA103A06}.Debug|x64.ActiveCfg = Debug|x64
		{2666D880-6F33-4D20-80AA-FD6EFA103A06}.Debug|x64.Build.0 = Debug|x64
		{2666D880-6F33-4D20-80AA-FD6EFA103A06}.Debug|x86.ActiveCfg = Debug|Win32
		{2666D880-6F33-4D20-80AA-FD6EFA103A06}.Debug|x86.Build.0 = Debug|Win32
		{2666D880-6F33-4D20-80AA-FD6EFA103A06}.Release|x64.ActiveCfg = Release|x64
		{2666D880-6F33-4D20-80AA-FD6EFA103A06}.Release|x64.Build.0 = Release|x64
		{2666D880-6F33-4D20-80AA-FD6EFA103A06}.Release|x86.ActiveCfg = Release|Win32
		{2666D880-6F33-4D20-80AA-FD6EFA103A06}.Release|x86.Build.0 = Release|Win32
		{0A4F95CB-924E-4573-BCDF-9A5C0142EEC0}.Debug|x64.ActiveCfg = Debug|x64
		{0A4F95CB-924E-4573-BCDF-9A5C0142EEC0}.Debug|x64.Build.0 = Debug|x64
		{0A4F95CB-924E-4573-BCDF-9A5C0142EEC0}.Debug|x86.ActiveCfg = Debug|Win32
		{0A4F95CB-924E-4573-BCDF-9A5C0142EEC0}.Debug|x86.Build.0 = Debug|Win32
		{0A4F95CB-924E-4573-BCDF-9A5C0142EEC0}.Release|x64.ActiveCfg = Release|x64
		{0A4F95CB-924E-4573-BCDF-9A5C0142EEC0}.Release|x64.Build.0 = Release|x64
		{0A4F95CB-924E-4573-BCDF-9A5C0142EEC0}.Release|x86.ActiveCfg = Release|Win32
		{0A4F95CB-924E-4573-BCDF-9A5C0142EEC0}.Release|x86.Build.0 = Release|Win32
		{08BE4D8D-BA4A-4E28-9E01-28F6075DE70F}.Debug|x64.ActiveCfg = Debug|x64
		{08BE4D8D-BA4A-4E28-9E01-28F6075DE70F}.Debug|x64.Build.0 = Debug|x64
		{08BE4D8D-BA4A-4E28-9E01-28F6075DE70F}.Debug|x86.ActiveCfg = Debug|Win32
		{08BE4D8D-BA4A-4E28-9E01-28F6075DE70F}.Debug|x86.Build.0 = Debug|Win32
		{08BE4D8D-BA4A-4E28-9E01-28F6075DE70F}.Release|x64.ActiveCfg = Release|x64
		{08BE4D8D-BA4A-4E28-9E01-28F6075DE70F}.Release|x64.Build.0 = Release|x64
		{08BE4D8D-BA4A-4E28-9E01-28F6075DE70F}.Release|x86.ActiveCfg = Release|Win32
		{08BE4D8D-BA4A-4E28-9E01-28F6075DE70F}.Release|x86.Build.0 = Release|Win32
		{E8411C34-7BB9-4256-B982-11A198DBEB64}.Debug|x64.ActiveCfg = Debug|x64
		{E8411C34-7BB9-4256-B982-11A198DBEB64}.Debug|x64.Build.0 = Debug|x64
		{E8411C34-7BB9-4256-B982-11A198DBEB64}.Debug|x86.ActiveCfg = Debug|Win32
		{E8411C34-7BB9-4256-B982-11A198DBEB64}.Debug|x86.Build.0 = Debug|Win32
		{E8411C34-7BB9-4256-B982-11A198DBEB64}.Release|x64.ActiveCfg = Release|x64
		{E8411C34-7BB9-4256-B982-11A198DBEB64}.Release|x64.Build.0 = Release|x64
		{E8411C34-7BB9-4256-B982-11A198DBEB64}.Release|x86.ActiveCfg = Release|Win32
		{E8411C34-7BB9-4256-B982-11A198DBEB64}.Release|x86.Build.0 = Release|Win32
	EndGlobalSection
	GlobalSection(SolutionProperties) = preSolution
		HideSolutionNode = FALSE
	EndGlobalSection
	GlobalSection(ExtensibilityGlobals) = postSolution
		SolutionGuid = {581860BC-3663-443F-A117-4888D9C6A007}
	EndGlobalSection
EndGlobal
